
Microsoft Visual Studio Solution File, Format Version 12.00
Project("{FAE04EC0-301F-11D3-BF4B-00C04F79EFBC}") = "xne-tools-assets", "xne-tools-assets\xne-tools-assets.csproj", "{B2BAF489-5EBA-4775-8800-F51CFB284A95}"
EndProject
Project("{FAE04EC0-301F-11D3-BF4B-00C04F79EFBC}") = "xne-tools-cmd", "xne-tools-cmd\xne-tools-cmd.csproj", "{193647D0-6A06-4C97-BDA6-5E88C4EFC610}"
EndProject
Global
	GlobalSection(SolutionConfigurationPlatforms) = preSolution
		Debug|Any CPU = Debug|Any CPU
		Release|Any CPU = Release|Any CPU
	EndGlobalSection
	GlobalSection(ProjectConfigurationPlatforms) = postSolution
		{B2BAF489-5EBA-4775-8800-F51CFB284A95}.Debug|Any CPU.ActiveCfg = Debug|Any CPU
		{B2BAF489-5EBA-4775-8800-F51CFB284A95}.Debug|Any CPU.Build.0 = Debug|Any CPU
		{B2BAF489-5EBA-4775-8800-F51CFB284A95}.Release|Any CPU.ActiveCfg = Release|Any CPU
		{B2BAF489-5EBA-4775-8800-F51CFB284A95}.Release|Any CPU.Build.0 = Release|Any CPU
		{193647D0-6A06-4C97-BDA6-5E88C4EFC610}.Debug|Any CPU.ActiveCfg = Debug|Any CPU
		{193647D0-6A06-4C97-BDA6-5E88C4EFC610}.Debug|Any CPU.Build.0 = Debug|Any CPU
		{193647D0-6A06-4C97-BDA6-5E88C4EFC610}.Release|Any CPU.ActiveCfg = Release|Any CPU
		{193647D0-6A06-4C97-BDA6-5E88C4EFC610}.Release|Any CPU.Build.0 = Release|Any CPU
	EndGlobalSection
EndGlobal
